
Microsoft Visual Studio Solution File, Format Version 12.00
# Visual Studio Version 16
VisualStudioVersion = 16.0.31410.357
MinimumVisualStudioVersion = 10.0.40219.1
Project("{FAE04EC0-301F-11D3-BF4B-00C04F79EFBC}") = "FinalProject420", "FinalProject420\FinalProject420.csproj", "{A078FDA9-28E6-4765-A8B1-8A5250060DC7}"
EndProject
Global
	GlobalSection(SolutionConfigurationPlatforms) = preSolution
		Debug|Any CPU = Debug|Any CPU
		Release|Any CPU = Release|Any CPU
	EndGlobalSection
	GlobalSection(ProjectConfigurationPlatforms) = postSolution
		{A078FDA9-28E6-4765-A8B1-8A5250060DC7}.Debug|Any CPU.ActiveCfg = Debug|Any CPU
		{A078FDA9-28E6-4765-A8B1-8A5250060DC7}.Debug|Any CPU.Build.0 = Debug|Any CPU
		{A078FDA9-28E6-4765-A8B1-8A5250060DC7}.Release|Any CPU.ActiveCfg = Release|Any CPU
		{A078FDA9-28E6-4765-A8B1-8A5250060DC7}.Release|Any CPU.Build.0 = Release|Any CPU
	EndGlobalSection
	GlobalSection(SolutionProperties) = preSolution
		HideSolutionNode = FALSE
	EndGlobalSection
	GlobalSection(ExtensibilityGlobals) = postSolution
		SolutionGuid = {C6536AC8-FA7E-478B-B180-4E647A6B4A1F}
	EndGlobalSection
EndGlobal
